
Microsoft Visual Studio Solution File, Format Version 12.00
# Visual Studio Version 16
VisualStudioVersion = 16.0.31129.286
MinimumVisualStudioVersion = 10.0.40219.1
Project("{FAE04EC0-301F-11D3-BF4B-00C04F79EFBC}") = "GitHubAPI", "GitHubAPI\GitHubAPI.csproj", "{274A7F25-5D33-4EF9-BA63-F4B6808444AF}"
EndProject
Global
	GlobalSection(SolutionConfigurationPlatforms) = preSolution
		Debug|Any CPU = Debug|Any CPU
		Release|Any CPU = Release|Any CPU
	EndGlobalSection
	GlobalSection(ProjectConfigurationPlatforms) = postSolution
		{274A7F25-5D33-4EF9-BA63-F4B6808444AF}.Debug|Any CPU.ActiveCfg = Debug|Any CPU
		{274A7F25-5D33-4EF9-BA63-F4B6808444AF}.Debug|Any CPU.Build.0 = Debug|Any CPU
		{274A7F25-5D33-4EF9-BA63-F4B6808444AF}.Release|Any CPU.ActiveCfg = Release|Any CPU
		{274A7F25-5D33-4EF9-BA63-F4B6808444AF}.Release|Any CPU.Build.0 = Release|Any CPU
	EndGlobalSection
	GlobalSection(SolutionProperties) = preSolution
		HideSolutionNode = FALSE
	EndGlobalSection
	GlobalSection(ExtensibilityGlobals) = postSolution
		SolutionGuid = {A9E5CAD0-E1C3-4FE0-8867-964D34695015}
	EndGlobalSection
EndGlobal
